<?xml version="1.0" encoding="utf-8"?>
<Project ToolsVersion="4.0" xmlns="http://schemas.microsoft.com/developer/msbuild/2003">
  <ItemGroup>
    <Filter Include="Source Files">
      <UniqueIdentifier>{4FC737F1-C7A5-4376-A066-2A32D752A2FF}</UniqueIdentifier>
      <Extensions>cpp;c;cc;cxx;def;odl;idl;hpj;bat;asm;asmx</Extensions>
    </Filter>
    <Filter Include="Header Files">
      <UniqueIdentifier>{93995380-89BD-4b04-88EB-625FBE52EBFB}</UniqueIdentifier>
      <Extensions>h;hh;hpp;hxx;hm;inl;inc;xsd</Extensions>
    </Filter>
    <Filter Include="Resource Files">
      <UniqueIdentifier>{67DA6AB6-F800-4c08-8B7A-83BB121AAD01}</UniqueIdentifier>
      <Extensions>rc;ico;cur;bmp;dlg;rc2;rct;bin;rgs;gif;jpg;jpeg;jpe;resx;tiff;tif;png;wav;mfcribbon-ms</Extensions>
    </Filter>
    <Filter Include="Header Files\GameComponent">
      <UniqueIdentifier>{042c74b9-8289-4603-a26e-baf353dbfafd}</UniqueIdentifier>
    </Filter>
    <Filter Include="Header Files\Item">
      <UniqueIdentifier>{069754ec-826a-4478-a660-43d02e529a94}</UniqueIdentifier>
    </Filter>
    <Filter Include="Header Files\Weapon">
      <UniqueIdentifier>{3e15d413-ec37-4f61-a940-22fac48ac9bd}</UniqueIdentifier>
    </Filter>
    <Filter Include="Header Files\Enemy">
      <UniqueIdentifier>{b5cce1b7-1af0-42ca-94c8-74e4284088f0}</UniqueIdentifier>
    </Filter>
    <Filter Include="Header Files\Obj">
      <UniqueIdentifier>{f4e0ef18-acf7-4e6d-88c9-0c6b20d0a9b7}</UniqueIdentifier>
    </Filter>
    <Filter Include="Source Files\GameComponents">
      <UniqueIdentifier>{25561d34-9738-4f76-b4a8-abe0f2e51914}</UniqueIdentifier>
    </Filter>
    <Filter Include="Source Files\Items">
      <UniqueIdentifier>{5be65831-f465-4099-a133-37f00a34a0f3}</UniqueIdentifier>
    </Filter>
    <Filter Include="Source Files\Enemy">
      <UniqueIdentifier>{838098e6-b5cd-415d-b7c4-e41b2f48e353}</UniqueIdentifier>
    </Filter>
    <Filter Include="Source Files\Obj">
      <UniqueIdentifier>{76ecfa1d-8d91-4323-822b-5a061892ca06}</UniqueIdentifier>
    </Filter>
    <Filter Include="Source Files\Weapon">
      <UniqueIdentifier>{d3b76671-f236-4a0f-8f8d-c817778246e8}</UniqueIdentifier>
    </Filter>
    <Filter Include="Header Files\Scene">
      <UniqueIdentifier>{cedf9292-5343-44e0-a28b-5589bff0b88f}</UniqueIdentifier>
    </Filter>
    <Filter Include="Source Files\Scene">
      <UniqueIdentifier>{aa53e946-2c97-4ec4-81ee-debb7fd20638}</UniqueIdentifier>
    </Filter>
  </ItemGroup>
  <ItemGroup>
    <ClCompile Include="Simon.cpp">
      <Filter>Source Files</Filter>
    </ClCompile>
    <ClCompile Include="Animations.cpp">
      <Filter>Source Files\GameComponents</Filter>
    </ClCompile>
    <ClCompile Include="Game.cpp">
      <Filter>Source Files\GameComponents</Filter>
    </ClCompile>
    <ClCompile Include="GameObject.cpp">
      <Filter>Source Files\GameComponents</Filter>
    </ClCompile>
    <ClCompile Include="Grid.cpp">
      <Filter>Source Files\GameComponents</Filter>
    </ClCompile>
    <ClCompile Include="main.cpp">
      <Filter>Source Files\GameComponents</Filter>
    </ClCompile>
    <ClCompile Include="TileMap.cpp">
      <Filter>Source Files\GameComponents</Filter>
    </ClCompile>
    <ClCompile Include="UI.cpp">
      <Filter>Source Files\GameComponents</Filter>
    </ClCompile>
    <ClCompile Include="Utils.cpp">
      <Filter>Source Files\GameComponents</Filter>
    </ClCompile>
    <ClCompile Include="AxePicker.cpp">
      <Filter>Source Files\Items</Filter>
    </ClCompile>
    <ClCompile Include="BoomerangPicker.cpp">
      <Filter>Source Files\Items</Filter>
    </ClCompile>
    <ClCompile Include="DaggerPicker.cpp">
      <Filter>Source Files\Items</Filter>
    </ClCompile>
    <ClCompile Include="Heart.cpp">
      <Filter>Source Files\Items</Filter>
    </ClCompile>
    <ClCompile Include="HolyPicker.cpp">
      <Filter>Source Files\Items</Filter>
    </ClCompile>
    <ClCompile Include="Item.cpp">
      <Filter>Source Files\Items</Filter>
    </ClCompile>
    <ClCompile Include="WhipUpdate.cpp">
      <Filter>Source Files\Items</Filter>
    </ClCompile>
    <ClCompile Include="Bat.cpp">
      <Filter>Source Files\Enemy</Filter>
    </ClCompile>
    <ClCompile Include="Enemy.cpp">
      <Filter>Source Files\Enemy</Filter>
    </ClCompile>
    <ClCompile Include="Knight.cpp">
      <Filter>Source Files\Enemy</Filter>
    </ClCompile>
    <ClCompile Include="Zombie.cpp">
      <Filter>Source Files\Enemy</Filter>
    </ClCompile>
    <ClCompile Include="Woft.cpp">
      <Filter>Source Files\Enemy</Filter>
    </ClCompile>
    <ClCompile Include="Brick.cpp">
      <Filter>Source Files\Obj</Filter>
    </ClCompile>
    <ClCompile Include="Candle.cpp">
      <Filter>Source Files\Obj</Filter>
    </ClCompile>
    <ClCompile Include="Lamp.cpp">
      <Filter>Source Files\Obj</Filter>
    </ClCompile>
    <ClCompile Include="Portal.cpp">
      <Filter>Source Files\Obj</Filter>
    </ClCompile>
    <ClCompile Include="Stairs.cpp">
      <Filter>Source Files\Obj</Filter>
    </ClCompile>
    <ClCompile Include="Axe.cpp">
      <Filter>Source Files\Weapon</Filter>
    </ClCompile>
    <ClCompile Include="Boomerang.cpp">
      <Filter>Source Files\Weapon</Filter>
    </ClCompile>
    <ClCompile Include="Dagger.cpp">
      <Filter>Source Files\Weapon</Filter>
    </ClCompile>
    <ClCompile Include="HolyWater.cpp">
      <Filter>Source Files\Weapon</Filter>
    </ClCompile>
    <ClCompile Include="Whip.cpp">
      <Filter>Source Files\Weapon</Filter>
    </ClCompile>
    <ClCompile Include="EnemySpawn.cpp">
      <Filter>Source Files\GameComponents</Filter>
    </ClCompile>
    <ClCompile Include="Goomba.cpp">
      <Filter>Source Files\Enemy</Filter>
    </ClCompile>
    <ClCompile Include="ItemSpaw.cpp">
      <Filter>Source Files\Items</Filter>
    </ClCompile>
    <ClCompile Include="Sprites.cpp">
      <Filter>Source Files\GameComponents</Filter>
    </ClCompile>
    <ClCompile Include="Textures.cpp">
      <Filter>Source Files\GameComponents</Filter>
    </ClCompile>
    <ClCompile Include="PlayerStatus.cpp">
      <Filter>Source Files\GameComponents</Filter>
    </ClCompile>
    <ClCompile Include="Koopas.cpp">
      <Filter>Source Files\Enemy</Filter>
    </ClCompile>
    <ClCompile Include="SubWeapon.cpp">
      <Filter>Source Files\Weapon</Filter>
    </ClCompile>
    <ClCompile Include="Boss.cpp">
      <Filter>Source Files\Enemy</Filter>
    </ClCompile>
    <ClCompile Include="Ghost.cpp">
      <Filter>Source Files\Enemy</Filter>
    </ClCompile>
    <ClCompile Include="FloatingBrick.cpp">
      <Filter>Source Files\Weapon</Filter>
    </ClCompile>
    <ClCompile Include="TimestopPicker.cpp">
      <Filter>Source Files\Weapon</Filter>
    </ClCompile>
    <ClCompile Include="TimeStop.cpp">
      <Filter>Source Files\Weapon</Filter>
    </ClCompile>
    <ClCompile Include="StartScene.cpp">
      <Filter>Source Files\Scene</Filter>
    </ClCompile>
    <ClCompile Include="EndScene.cpp">
      <Filter>Source Files\Scene</Filter>
    </ClCompile>
    <ClCompile Include="PlayScence.cpp">
      <Filter>Source Files\Scene</Filter>
    </ClCompile>
    <ClCompile Include="Scence.cpp">
      <Filter>Source Files\Scene</Filter>
    </ClCompile>
    <ClCompile Include="EmptyObj.cpp">
      <Filter>Source Files\Obj</Filter>
    </ClCompile>
    <ClCompile Include="Skeleton.cpp">
      <Filter>Source Files\Enemy</Filter>
    </ClCompile>
    <ClCompile Include="dRaven.cpp">
      <Filter>Source Files\Enemy</Filter>
    </ClCompile>
    <ClCompile Include="Monkey.cpp">
      <Filter>Source Files\Enemy</Filter>
    </ClCompile>
    <ClCompile Include="SkeletonBone.cpp">
      <Filter>Source Files\Enemy</Filter>
    </ClCompile>
    <ClCompile Include="HeartMini.cpp">
      <Filter>Source Files\Items</Filter>
    </ClCompile>
    <ClCompile Include="BossOrb.cpp">
      <Filter>Source Files\Items</Filter>
    </ClCompile>
    <ClCompile Include="IntroScence.cpp">
      <Filter>Source Files\Scene</Filter>
    </ClCompile>
    <ClCompile Include="MoneyBag.cpp">
      <Filter>Source Files</Filter>
    </ClCompile>
  </ItemGroup>
  <ItemGroup>
    <ClInclude Include="Simon.h">
      <Filter>Header Files</Filter>
    </ClInclude>
    <ClInclude Include="Animations.h">
      <Filter>Header Files\GameComponent</Filter>
    </ClInclude>
    <ClInclude Include="Axe.h">
      <Filter>Header Files\Weapon</Filter>
    </ClInclude>
    <ClInclude Include="AxePicker.h">
      <Filter>Header Files\Item</Filter>
    </ClInclude>
    <ClInclude Include="Bat.h">
      <Filter>Header Files\Enemy</Filter>
    </ClInclude>
    <ClInclude Include="Boomerang.h">
      <Filter>Header Files\Weapon</Filter>
    </ClInclude>
    <ClInclude Include="BoomerangPicker.h">
      <Filter>Header Files\Item</Filter>
    </ClInclude>
    <ClInclude Include="Brick.h">
      <Filter>Header Files\Obj</Filter>
    </ClInclude>
    <ClInclude Include="Candle.h">
      <Filter>Header Files\Obj</Filter>
    </ClInclude>
    <ClInclude Include="Dagger.h">
      <Filter>Header Files\Weapon</Filter>
    </ClInclude>
    <ClInclude Include="DaggerPicker.h">
      <Filter>Header Files\Item</Filter>
    </ClInclude>
    <ClInclude Include="Enemy.h">
      <Filter>Header Files\Enemy</Filter>
    </ClInclude>
    <ClInclude Include="Game.h">
      <Filter>Header Files\GameComponent</Filter>
    </ClInclude>
    <ClInclude Include="GameObject.h">
      <Filter>Header Files\GameComponent</Filter>
    </ClInclude>
    <ClInclude Include="Goomba.h">
      <Filter>Header Files\Enemy</Filter>
    </ClInclude>
    <ClInclude Include="Grid.h">
      <Filter>Header Files\GameComponent</Filter>
    </ClInclude>
    <ClInclude Include="Heart.h">
      <Filter>Header Files\Item</Filter>
    </ClInclude>
    <ClInclude Include="HolyPicker.h">
      <Filter>Header Files\Item</Filter>
    </ClInclude>
    <ClInclude Include="HolyWater.h">
      <Filter>Header Files\Weapon</Filter>
    </ClInclude>
    <ClInclude Include="Item.h">
      <Filter>Header Files\Item</Filter>
    </ClInclude>
    <ClInclude Include="KeyEventHandler.h">
      <Filter>Header Files\GameComponent</Filter>
    </ClInclude>
    <ClInclude Include="Knight.h">
      <Filter>Header Files\Enemy</Filter>
    </ClInclude>
    <ClInclude Include="Koopas.h">
      <Filter>Header Files\Enemy</Filter>
    </ClInclude>
    <ClInclude Include="Utils.h">
      <Filter>Header Files\GameComponent</Filter>
    </ClInclude>
    <ClInclude Include="UI.h">
      <Filter>Header Files\GameComponent</Filter>
    </ClInclude>
    <ClInclude Include="TileMap.h">
      <Filter>Header Files\GameComponent</Filter>
    </ClInclude>
    <ClInclude Include="Textures.h">
      <Filter>Header Files\GameComponent</Filter>
    </ClInclude>
    <ClInclude Include="Sprites.h">
      <Filter>Header Files\GameComponent</Filter>
    </ClInclude>
    <ClInclude Include="PlayerStatus.h">
      <Filter>Header Files\GameComponent</Filter>
    </ClInclude>
    <ClInclude Include="Portal.h">
      <Filter>Header Files\Obj</Filter>
    </ClInclude>
    <ClInclude Include="Stairs.h">
      <Filter>Header Files\Obj</Filter>
    </ClInclude>
    <ClInclude Include="Lamp.h">
      <Filter>Header Files\Obj</Filter>
    </ClInclude>
    <ClInclude Include="Whip.h">
      <Filter>Header Files\Weapon</Filter>
    </ClInclude>
    <ClInclude Include="SubWeapon.h">
      <Filter>Header Files\Weapon</Filter>
    </ClInclude>
    <ClInclude Include="WhipUpdate.h">
      <Filter>Header Files\Item</Filter>
    </ClInclude>
    <ClInclude Include="Woft.h">
      <Filter>Header Files\Enemy</Filter>
    </ClInclude>
    <ClInclude Include="EnemySpawn.h">
      <Filter>Header Files\Enemy</Filter>
    </ClInclude>
    <ClInclude Include="Zombie.h">
      <Filter>Header Files\Enemy</Filter>
    </ClInclude>
    <ClInclude Include="TimestopPicker.h">
      <Filter>Header Files\Item</Filter>
    </ClInclude>
    <ClInclude Include="TimeStop.h">
      <Filter>Header Files\Item</Filter>
    </ClInclude>
    <ClInclude Include="Boss.h">
      <Filter>Header Files\Enemy</Filter>
    </ClInclude>
    <ClInclude Include="FloatingBrick.h">
      <Filter>Header Files\Obj</Filter>
    </ClInclude>
    <ClInclude Include="Ghost.h">
      <Filter>Header Files\Enemy</Filter>
    </ClInclude>
    <ClInclude Include="EmptyObj.h">
      <Filter>Header Files\Obj</Filter>
    </ClInclude>
    <ClInclude Include="EndScene.h">
      <Filter>Header Files\Scene</Filter>
    </ClInclude>
    <ClInclude Include="Scence.h">
      <Filter>Header Files\Scene</Filter>
    </ClInclude>
    <ClInclude Include="PlayScence.h">
      <Filter>Header Files\Scene</Filter>
    </ClInclude>
    <ClInclude Include="StartScene.h">
      <Filter>Header Files\Scene</Filter>
    </ClInclude>
    <ClInclude Include="SkeletonBone.h">
      <Filter>Header Files\Enemy</Filter>
    </ClInclude>
    <ClInclude Include="Skeleton.h">
      <Filter>Header Files\Enemy</Filter>
    </ClInclude>
    <ClInclude Include="dRaven.h">
      <Filter>Header Files\Enemy</Filter>
    </ClInclude>
    <ClInclude Include="HeartMini.h">
      <Filter>Header Files\Item</Filter>
    </ClInclude>
    <ClInclude Include="Monkey.h">
      <Filter>Header Files\Enemy</Filter>
    </ClInclude>
    <ClInclude Include="BossOrb.h">
      <Filter>Header Files\Item</Filter>
    </ClInclude>
    <ClInclude Include="IntroScence.h">
      <Filter>Header Files\Scene</Filter>
    </ClInclude>
    <ClInclude Include="ItemSpaw.h">
      <Filter>Header Files\Item</Filter>
    </ClInclude>
    <ClInclude Include="MoneyBag.h">
      <Filter>Header Files</Filter>
    </ClInclude>
  </ItemGroup>
  <ItemGroup>
    <None Include="ClassDiagram.cd" />
  </ItemGroup>
</Project>